
Microsoft Visual Studio Solution File, Format Version 12.00
# Visual Studio Version 17
VisualStudioVersion = 17.7.34031.279
MinimumVisualStudioVersion = 10.0.40219.1
Project("{FAE04EC0-301F-11D3-BF4B-00C04F79EFBC}") = "Lab11_fixClient", "Lab11_fixClient\Lab11_fixClient.csproj", "{D7F0F72F-80BC-4F20-B762-BFC0D8FA75A0}"
EndProject
Global
	GlobalSection(SolutionConfigurationPlatforms) = preSolution
		Debug|Any CPU = Debug|Any CPU
		Release|Any CPU = Release|Any CPU
	EndGlobalSection
	GlobalSection(ProjectConfigurationPlatforms) = postSolution
		{D7F0F72F-80BC-4F20-B762-BFC0D8FA75A0}.Debug|Any CPU.ActiveCfg = Debug|Any CPU
		{D7F0F72F-80BC-4F20-B762-BFC0D8FA75A0}.Debug|Any CPU.Build.0 = Debug|Any CPU
		{D7F0F72F-80BC-4F20-B762-BFC0D8FA75A0}.Release|Any CPU.ActiveCfg = Release|Any CPU
		{D7F0F72F-80BC-4F20-B762-BFC0D8FA75A0}.Release|Any CPU.Build.0 = Release|Any CPU
	EndGlobalSection
	GlobalSection(SolutionProperties) = preSolution
		HideSolutionNode = FALSE
	EndGlobalSection
	GlobalSection(ExtensibilityGlobals) = postSolution
		SolutionGuid = {9DF24C9C-3DB6-4689-A619-3070E717A15C}
	EndGlobalSection
EndGlobal
